// !$*UTF8*$!
{
	archiveVersion = 1;
	classes = {
	};
	objectVersion = 50;
	objects = {

/* Begin PBXBuildFile section */
		96B0F9E62134E94000DFCBF8 /* AppDelegate.m in Sources */ = {isa = PBXBuildFile; fileRef = 96B0F9E52134E94000DFCBF8 /* AppDelegate.m */; };
		96B0F9E92134E94000DFCBF8 /* ViewController.m in Sources */ = {isa = PBXBuildFile; fileRef = 96B0F9E82134E94000DFCBF8 /* ViewController.m */; };
		96B0F9EC2134E94000DFCBF8 /* Main.storyboard in Resources */ = {isa = PBXBuildFile; fileRef = 96B0F9EA2134E94000DFCBF8 /* Main.storyboard */; };
		96B0F9EE2134E94100DFCBF8 /* Assets.xcassets in Resources */ = {isa = PBXBuildFile; fileRef = 96B0F9ED2134E94100DFCBF8 /* Assets.xcassets */; };
		96B0F9F12134E94100DFCBF8 /* LaunchScreen.storyboard in Resources */ = {isa = PBXBuildFile; fileRef = 96B0F9EF2134E94100DFCBF8 /* LaunchScreen.storyboard */; };
		96B0F9F42134E94100DFCBF8 /* main.m in Sources */ = {isa = PBXBuildFile; fileRef = 96B0F9F32134E94100DFCBF8 /* main.m */; };
/* End PBXBuildFile section */

/* Begin PBXFileReference section */
		96B0F9E12134E94000DFCBF8 /* AntiDebug.app */ = {isa = PBXFileReference; explicitFileType = wrapper.application; includeInIndex = 0; path = AntiDebug.app; sourceTree = BUILT_PRODUCTS_DIR; };
		96B0F9E42134E94000DFCBF8 /* AppDelegate.h */ = {isa = PBXFileReference; lastKnownFileType = sourcecode.c.h; path = AppDelegate.h; sourceTree = "<group>"; };
		96B0F9E52134E94000DFCBF8 /* AppDelegate.m */ = {isa = PBXFileReference; lastKnownFileType = sourcecode.c.objc; path = AppDelegate.m; sourceTree = "<group>"; };
		96B0F9E72134E94000DFCBF8 /* ViewController.h */ = {isa = PBXFileReference; lastKnownFileType = sourcecode.c.h; path = ViewController.h; sourceTree = "<group>"; };
		96B0F9E82134E94000DFCBF8 /* ViewController.m */ = {isa = PBXFileReference; lastKnownFileType = sourcecode.c.objc; path = ViewController.m; sourceTree = "<group>"; };
		96B0F9EB2134E94000DFCBF8 /* Base */ = {isa = PBXFileReference; lastKnownFileType = file.storyboard; name = Base; path = Base.lproj/Main.storyboard; sourceTree = "<group>"; };
		96B0F9ED2134E94100DFCBF8 /* Assets.xcassets */ = {isa = PBXFileReference; lastKnownFileType = folder.assetcatalog; path = Assets.xcassets; sourceTree = "<group>"; };
		96B0F9F02134E94100DFCBF8 /* Base */ = {isa = PBXFileReference; lastKnownFileType = file.storyboard; name = Base; path = Base.lproj/LaunchScreen.storyboard; sourceTree = "<group>"; };
		96B0F9F22134E94100DFCBF8 /* Info.plist */ = {isa = PBXFileReference; lastKnownFileType = text.plist.xml; path = Info.plist; sourceTree = "<group>"; };
		96B0F9F32134E94100DFCBF8 /* main.m */ = {isa = PBXFileReference; lastKnownFileType = sourcecode.c.objc; path = main.m; sourceTree = "<group>"; };
/* End PBXFileReference section */

/* Begin PBXFrameworksBuildPhase section */
		96B0F9DE2134E94000DFCBF8 /* Frameworks */ = {
			isa = PBXFrameworksBuildPhase;
			buildActionMask = 2147483647;
			files = (
			);
			runOnlyForDeploymentPostprocessing = 0;
		};
/* End PBXFrameworksBuildPhase section */

/* Begin PBXGroup section */
		96B0F9D82134E94000DFCBF8 = {
			isa = PBXGroup;
			children = (
				96B0F9E32134E94000DFCBF8 /* AntiDebug */,
				96B0F9E22134E94000DFCBF8 /* Products */,
			);
			sourceTree = "<group>";
		};
		96B0F9E22134E94000DFCBF8 /* Products */ = {
			isa = PBXGroup;
			children = (
				96B0F9E12134E94000DFCBF8 /* AntiDebug.app */,
			);
			name = Products;
			sourceTree = "<group>";
		};
		96B0F9E32134E94000DFCBF8 /* AntiDebug */ = {
			isa = PBXGroup;
			children = (
				96B0F9E42134E94000DFCBF8 /* AppDelegate.h */,
				96B0F9E52134E94000DFCBF8 /* AppDelegate.m */,
				96B0F9E72134E94000DFCBF8 /* ViewController.h */,
				96B0F9E82134E94000DFCBF8 /* ViewController.m */,
				96B0F9EA2134E94000DFCBF8 /* Main.storyboard */,
				96B0F9ED2134E94100DFCBF8 /* Assets.xcassets */,
				96B0F9EF2134E94100DFCBF8 /* LaunchScreen.storyboard */,
				96B0F9F22134E94100DFCBF8 /* Info.plist */,
				96B0F9F32134E94100DFCBF8 /* main.m */,
			);
			path = AntiDebug;
			sourceTree = "<group>";
		};
/* End PBXGroup section */

/* Begin PBXNativeTarget section */
		96B0F9E02134E94000DFCBF8 /* AntiDebug */ = {
			isa = PBXNativeTarget;
			buildConfigurationList = 96B0F9F72134E94100DFCBF8 /* Build configuration list for PBXNativeTarget "AntiDebug" */;
			buildPhases = (
				96B0F9DD2134E94000DFCBF8 /* Sources */,
				96B0F9DE2134E94000DFCBF8 /* Frameworks */,
				96B0F9DF2134E94000DFCBF8 /* Resources */,
			);
			buildRules = (
			);
			dependencies = (
			);
			name = AntiDebug;
			productName = AntiDebug;
			productReference = 96B0F9E12134E94000DFCBF8 /* AntiDebug.app */;
			productType = "com.apple.product-type.application";
		};
/* End PBXNativeTarget section */

/* Begin PBXProject section */
		96B0F9D92134E94000DFCBF8 /* Project object */ = {
			isa = PBXProject;
			attributes = {
				LastUpgradeCheck = 0940;
				ORGANIZATIONNAME = kilolumen;
				TargetAttributes = {
					96B0F9E02134E94000DFCBF8 = {
						CreatedOnToolsVersion = 9.4.1;
					};
				};
			};
			buildConfigurationList = 96B0F9DC2134E94000DFCBF8 /* Build configuration list for PBXProject "AntiDebug" */;
			compatibilityVersion = "Xcode 9.3";
			developmentRegion = en;
			hasScannedForEncodings = 0;
			knownRegions = (
				en,
				Base,
			);
			mainGroup = 96B0F9D82134E94000DFCBF8;
			productRefGroup = 96B0F9E22134E94000DFCBF8 /* Products */;
			projectDirPath = "";
			projectRoot = "";
			targets = (
				96B0F9E02134E94000DFCBF8 /* AntiDebug */,
			);
		};
/* End PBXProject section */

/* Begin PBXResourcesBuildPhase section */
		96B0F9DF2134E94000DFCBF8 /* Resources */ = {
			isa = PBXResourcesBuildPhase;
			buildActionMask = 2147483647;
			files = (
				96B0F9F12134E94100DFCBF8 /* LaunchScreen.storyboard in Resources */,
				96B0F9EE2134E94100DFCBF8 /* Assets.xcassets in Resources */,
				96B0F9EC2134E94000DFCBF8 /* Main.storyboard in Resources */,
			);
			runOnlyForDeploymentPostprocessing = 0;
		};
/* End PBXResourcesBuildPhase section */

/* Begin PBXSourcesBuildPhase section */
		96B0F9DD2134E94000DFCBF8 /* Sources */ = {
			isa = PBXSourcesBuildPhase;
			buildActionMask = 2147483647;
			files = (
				96B0F9E92134E94000DFCBF8 /* ViewController.m in Sources */,
				96B0F9F42134E94100DFCBF8 /* main.m in Sources */,
				96B0F9E62134E94000DFCBF8 /* AppDelegate.m in Sources */,
			);
			runOnlyForDeploymentPostprocessing = 0;
		};
/* End PBXSourcesBuildPhase section */

/* Begin PBXVariantGroup section */
		96B0F9EA2134E94000DFCBF8 /* Main.storyboard */ = {
			isa = PBXVariantGroup;
			children = (
				96B0F9EB2134E94000DFCBF8 /* Base */,
			);
			name = Main.storyboard;
			sourceTree = "<group>";
		};
		96B0F9EF2134E94100DFCBF8 /* LaunchScreen.storyboard */ = {
			isa = PBXVariantGroup;
			children = (
				96B0F9F02134E94100DFCBF8 /* Base */,
			);
			name = LaunchScreen.storyboard;
			sourceTree = "<group>";
		};
/* End PBXVariantGroup section */

/* Begin XCBuildConfiguration section */
		96B0F9F52134E94100DFCBF8 /* Debug */ = {
			isa = XCBuildConfiguration;
			buildSettings = {
				ALWAYS_SEARCH_USER_PATHS = NO;
				CLANG_ANALYZER_NONNULL = YES;
				CLANG_ANALYZER_NUMBER_OBJECT_CONVERSION = YES_AGGRESSIVE;
				CLANG_CXX_LANGUAGE_STANDARD = "gnu++14";
				CLANG_CXX_LIBRARY = "libc++";
				CLANG_ENABLE_MODULES = YES;
				CLANG_ENABLE_OBJC_ARC = YES;
				CLANG_ENABLE_OBJC_WEAK = YES;
				CLANG_WARN_BLOCK_CAPTURE_AUTORELEASING = YES;
				CLANG_WARN_BOOL_CONVERSION = YES;
				CLANG_WARN_COMMA = YES;
				CLANG_WARN_CONSTANT_CONVERSION = YES;
				CLANG_WARN_DEPRECATED_OBJC_IMPLEMENTATIONS = YES;
				CLANG_WARN_DIRECT_OBJC_ISA_USAGE = YES_ERROR;
				CLANG_WARN_DOCUMENTATION_COMMENTS = YES;
				CLANG_WARN_EMPTY_BODY = YES;
				CLANG_WARN_ENUM_CONVERSION = YES;
				CLANG_WARN_INFINITE_RECURSION = YES;
				CLANG_WARN_INT_CONVERSION = YES;
				CLANG_WARN_NON_LITERAL_NULL_CONVERSION = YES;
				CLANG_WARN_OBJC_IMPLICIT_RETAIN_SELF = YES;
				CLANG_WARN_OBJC_LITERAL_CONVERSION = YES;
				CLANG_WARN_OBJC_ROOT_CLASS = YES_ERROR;
				CLANG_WARN_RANGE_LOOP_ANALYSIS = YES;
				CLANG_WARN_STRICT_PROTOTYPES = YES;
				CLANG_WARN_SUSPICIOUS_MOVE = YES;
				CLANG_WARN_UNGUARDED_AVAILABILITY = YES_AGGRESSIVE;
				CLANG_WARN_UNREACHABLE_CODE = YES;
				CLANG_WARN__DUPLICATE_METHOD_MATCH = YES;
				CODE_SIGN_IDENTITY = "iPhone Developer";
				COPY_PHASE_STRIP = NO;
				DEBUG_INFORMATION_FORMAT = dwarf;
				ENABLE_STRICT_OBJC_MSGSEND = YES;
				ENABLE_TESTABILITY = YES;
				GCC_C_LANGUAGE_STANDARD = gnu11;
				GCC_DYNAMIC_NO_PIC = NO;
				GCC_NO_COMMON_BLOCKS = YES;
				GCC_OPTIMIZATION_LEVEL = 0;
				GCC_PREPROCESSOR_DEFINITIONS = (
					"DEBUG=1",
					"$(inherited)",
				);
				GCC_WARN_64_TO_32_BIT_CONVERSION = YES;
				GCC_WARN_ABOUT_RETURN_TYPE = YES_ERROR;
				GCC_WARN_UNDECLARED_SELECTOR = YES;
				GCC_WARN_UNINITIALIZED_AUTOS = YES_AGGRESSIVE;
				GCC_WARN_UNUSED_FUNCTION = YES;
				GCC_WARN_UNUSED_VARIABLE = YES;
				IPHONEOS_DEPLOYMENT_TARGET = 11.4;
				MTL_ENABLE_DEBUG_INFO = YES;
				ONLY_ACTIVE_ARCH = YES;
				SDKROOT = iphoneos;
			};
			name = Debug;
		};
		96B0F9F62134E94100DFCBF8 /* Release */ = {
			isa = XCBuildConfiguration;
			buildSettings = {
				ALWAYS_SEARCH_USER_PATHS = NO;
				CLANG_ANALYZER_NONNULL = YES;
				CLANG_ANALYZER_NUMBER_OBJECT_CONVERSION = YES_AGGRESSIVE;
				CLANG_CXX_LANGUAGE_STANDARD = "gnu++14";
				CLANG_CXX_LIBRARY = "libc++";
				CLANG_ENABLE_MODULES = YES;
				CLANG_ENABLE_OBJC_ARC = YES;
				CLANG_ENABLE_OBJC_WEAK = YES;
				CLANG_WARN_BLOCK_CAPTURE_AUTORELEASING = YES;
				CLANG_WARN_BOOL_CONVERSION = YES;
				CLANG_WARN_COMMA = YES;
				CLANG_WARN_CONSTANT_CONVERSION = YES;
				CLANG_WARN_DEPRECATED_OBJC_IMPLEMENTATIONS = YES;
				CLANG_WARN_DIRECT_OBJC_ISA_USAGE = YES_ERROR;
				CLANG_WARN_DOCUMENTATION_COMMENTS = YES;
				CLANG_WARN_EMPTY_BODY = YES;
				CLANG_WARN_ENUM_CONVERSION = YES;
				CLANG_WARN_INFINITE_RECURSION = YES;
				CLANG_WARN_INT_CONVERSION = YES;
				CLANG_WARN_NON_LITERAL_NULL_CONVERSION = YES;
				CLANG_WARN_OBJC_IMPLICIT_RETAIN_SELF = YES;
				CLANG_WARN_OBJC_LITERAL_CONVERSION = YES;
				CLANG_WARN_OBJC_ROOT_CLASS = YES_ERROR;
				CLANG_WARN_RANGE_LOOP_ANALYSIS = YES;
				CLANG_WARN_STRICT_PROTOTYPES = YES;
				CLANG_WARN_SUSPICIOUS_MOVE = YES;
				CLANG_WARN_UNGUARDED_AVAILABILITY = YES_AGGRESSIVE;
				CLANG_WARN_UNREACHABLE_CODE = YES;
				CLANG_WARN__DUPLICATE_METHOD_MATCH = YES;
				CODE_SIGN_IDENTITY = "iPhone Developer";
				COPY_PHASE_STRIP = NO;
				DEBUG_INFORMATION_FORMAT = "dwarf-with-dsym";
				ENABLE_NS_ASSERTIONS = NO;
				ENABLE_STRICT_OBJC_MSGSEND = YES;
				GCC_C_LANGUAGE_STANDARD = gnu11;
				GCC_NO_COMMON_BLOCKS = YES;
				GCC_WARN_64_TO_32_BIT_CONVERSION = YES;
				GCC_WARN_ABOUT_RETURN_TYPE = YES_ERROR;
				GCC_WARN_UNDECLARED_SELECTOR = YES;
				GCC_WARN_UNINITIALIZED_AUTOS = YES_AGGRESSIVE;
				GCC_WARN_UNUSED_FUNCTION = YES;
				GCC_WARN_UNUSED_VARIABLE = YES;
				IPHONEOS_DEPLOYMENT_TARGET = 11.4;
				MTL_ENABLE_DEBUG_INFO = NO;
				SDKROOT = iphoneos;
				VALIDATE_PRODUCT = YES;
			};
			name = Release;
		};
		96B0F9F82134E94100DFCBF8 /* Debug */ = {
			isa = XCBuildConfiguration;
			buildSettings = {
				ASSETCATALOG_COMPILER_APPICON_NAME = AppIcon;
				CODE_SIGN_STYLE = Automatic;
				INFOPLIST_FILE = AntiDebug/Info.plist;
				IPHONEOS_DEPLOYMENT_TARGET = 8.0;
				LD_RUNPATH_SEARCH_PATHS = (
					"$(inherited)",
					"@executable_path/Frameworks",
				);
				PRODUCT_BUNDLE_IDENTIFIER = me.kilolumen.AntiDebug;
				PRODUCT_NAME = "$(TARGET_NAME)";
				TARGETED_DEVICE_FAMILY = "1,2";
			};
			name = Debug;
		};
		96B0F9F92134E94100DFCBF8 /* Release */ = {
			isa = XCBuildConfiguration;
			buildSettings = {
				ASSETCATALOG_COMPILER_APPICON_NAME = AppIcon;
				CODE_SIGN_STYLE = Automatic;
				INFOPLIST_FILE = AntiDebug/Info.plist;
				IPHONEOS_DEPLOYMENT_TARGET = 8.0;
				LD_RUNPATH_SEARCH_PATHS = (
					"$(inherited)",
					"@executable_path/Frameworks",
				);
				PRODUCT_BUNDLE_IDENTIFIER = me.kilolumen.AntiDebug;
				PRODUCT_NAME = "$(TARGET_NAME)";
				TARGETED_DEVICE_FAMILY = "1,2";
			};
			name = Release;
		};
/* End XCBuildConfiguration section */

/* Begin XCConfigurationList section */
		96B0F9DC2134E94000DFCBF8 /* Build configuration list for PBXProject "AntiDebug" */ = {
			isa = XCConfigurationList;
			buildConfigurations = (
				96B0F9F52134E94100DFCBF8 /* Debug */,
				96B0F9F62134E94100DFCBF8 /* Release */,
			);
			defaultConfigurationIsVisible = 0;
			defaultConfigurationName = Release;
		};
		96B0F9F72134E94100DFCBF8 /* Build configuration list for PBXNativeTarget "AntiDebug" */ = {
			isa = XCConfigurationList;
			buildConfigurations = (
				96B0F9F82134E94100DFCBF8 /* Debug */,
				96B0F9F92134E94100DFCBF8 /* Release */,
			);
			defaultConfigurationIsVisible = 0;
			defaultConfigurationName = Release;
		};
/* End XCConfigurationList section */
	};
	rootObject = 96B0F9D92134E94000DFCBF8 /* Project object */;
}
